
Microsoft Visual Studio Solution File, Format Version 11.00
# Visual Studio 2010
Project("{FAE04EC0-301F-11D3-BF4B-00C04F79EFBC}") = "growgame", "Assembly-CSharp.csproj", "{FB1D5C0A-C2A2-24ED-69C6-559C2CEB2B81}"
EndProject
Global
	GlobalSection(SolutionConfigurationPlatforms) = preSolution
		Debug|Any CPU = Debug|Any CPU
		Release|Any CPU = Release|Any CPU
	EndGlobalSection
	GlobalSection(ProjectConfigurationPlatforms) = postSolution
		{FB1D5C0A-C2A2-24ED-69C6-559C2CEB2B81}.Debug|Any CPU.ActiveCfg = Debug|Any CPU
		{FB1D5C0A-C2A2-24ED-69C6-559C2CEB2B81}.Debug|Any CPU.Build.0 = Debug|Any CPU
		{FB1D5C0A-C2A2-24ED-69C6-559C2CEB2B81}.Release|Any CPU.ActiveCfg = Release|Any CPU
		{FB1D5C0A-C2A2-24ED-69C6-559C2CEB2B81}.Release|Any CPU.Build.0 = Release|Any CPU
	EndGlobalSection
	GlobalSection(SolutionProperties) = preSolution
		HideSolutionNode = FALSE
	EndGlobalSection
	GlobalSection(MonoDevelopProperties) = preSolution
		StartupItem = Assembly-CSharp.csproj
	EndGlobalSection
EndGlobal
